
Microsoft Visual Studio Solution File, Format Version 11.00
# Visual Studio 2010
Project("{8BC9CEB8-8B4A-11D0-8D11-00A0C91BC942}") = "Tests", "tests\Tests_vs2010.vcxproj", "{C6941433-40EA-4307-A0A2-39BFB844367E}"
	ProjectSection(ProjectDependencies) = postProject
		{C610F50E-1013-46F0-AE20-4E918654B40F} = {C610F50E-1013-46F0-AE20-4E918654B40F}
		{9BE99719-AA32-4463-A011-B61D55F020D6} = {9BE99719-AA32-4463-A011-B61D55F020D6}
		{42B7465D-C7ED-42D3-9DE6-D966721A6F86} = {42B7465D-C7ED-42D3-9DE6-D966721A6F86}
		{71DADA6A-5801-4188-8793-A4A48BAC164B} = {71DADA6A-5801-4188-8793-A4A48BAC164B}
		{00929DA3-31A1-4853-ABCE-145385A4AC63} = {00929DA3-31A1-4853-ABCE-145385A4AC63}
		{939312D6-690A-4103-92C5-4D89025BF10A} = {939312D6-690A-4103-92C5-4D89025BF10A}
	EndProjectSection
EndProject
Project("{8BC9CEB8-8B4A-11D0-8D11-00A0C91BC942}") = "CrashRpt", "reporting\crashrpt\CrashRpt_vs2010.vcxproj", "{9BE99719-AA32-4463-A011-B61D55F020D6}"
	ProjectSection(ProjectDependencies) = postProject
		{939312D6-690A-4103-92C5-4D89025BF10A} = {939312D6-690A-4103-92C5-4D89025BF10A}
	EndProjectSection
EndProject
Project("{8BC9CEB8-8B4A-11D0-8D11-00A0C91BC942}") = "CrashSender", "reporting\crashsender\CrashSender_vs2010.vcxproj", "{939312D6-690A-4103-92C5-4D89025BF10A}"
	ProjectSection(ProjectDependencies) = postProject
		{C610F50E-1013-46F0-AE20-4E918654B40F} = {C610F50E-1013-46F0-AE20-4E918654B40F}
		{653F3841-3F26-49B9-AFCF-091DB4B67031} = {653F3841-3F26-49B9-AFCF-091DB4B67031}
		{71DADA6A-5801-4188-8793-A4A48BAC164B} = {71DADA6A-5801-4188-8793-A4A48BAC164B}
		{CCC76489-E12C-4744-B31F-0BACD6F0A1B2} = {CCC76489-E12C-4744-B31F-0BACD6F0A1B2}
		{00929DA3-31A1-4853-ABCE-145385A4AC63} = {00929DA3-31A1-4853-ABCE-145385A4AC63}
		{B66D88D0-B44F-4B96-AF3C-8F14EFA835D6} = {B66D88D0-B44F-4B96-AF3C-8F14EFA835D6}
		{15CBFEFF-7965-41F5-B4E2-21E8795C9159} = {15CBFEFF-7965-41F5-B4E2-21E8795C9159}
	EndProjectSection
EndProject
Project("{8BC9CEB8-8B4A-11D0-8D11-00A0C91BC942}") = "CrashRptProbe", "processing\crashrptprobe\CrashRptProbe_vs2010.vcxproj", "{42B7465D-C7ED-42D3-9DE6-D966721A6F86}"
	ProjectSection(ProjectDependencies) = postProject
		{C610F50E-1013-46F0-AE20-4E918654B40F} = {C610F50E-1013-46F0-AE20-4E918654B40F}
		{CCC76489-E12C-4744-B31F-0BACD6F0A1B2} = {CCC76489-E12C-4744-B31F-0BACD6F0A1B2}
		{00929DA3-31A1-4853-ABCE-145385A4AC63} = {00929DA3-31A1-4853-ABCE-145385A4AC63}
	EndProjectSection
EndProject
Project("{8BC9CEB8-8B4A-11D0-8D11-00A0C91BC942}") = "crprober", "processing\crprober\crprober_vs2010.vcxproj", "{485ADA7C-BF7C-4EDC-AA56-212BF0160351}"
	ProjectSection(ProjectDependencies) = postProject
		{42B7465D-C7ED-42D3-9DE6-D966721A6F86} = {42B7465D-C7ED-42D3-9DE6-D966721A6F86}
	EndProjectSection
EndProject
Project("{8BC9CEB8-8B4A-11D0-8D11-00A0C91BC942}") = "libpng", "thirdparty\libpng\libpng_vs2010.vcxproj", "{71DADA6A-5801-4188-8793-A4A48BAC164B}"
EndProject
Project("{8BC9CEB8-8B4A-11D0-8D11-00A0C91BC942}") = "minizip", "thirdparty\minizip\minizip_vs2010.vcxproj", "{C610F50E-1013-46F0-AE20-4E918654B40F}"
EndProject
Project("{8BC9CEB8-8B4A-11D0-8D11-00A0C91BC942}") = "zlib", "thirdparty\zlib\zlib_vs2010.vcxproj", "{00929DA3-31A1-4853-ABCE-145385A4AC63}"
EndProject
Project("{8BC9CEB8-8B4A-11D0-8D11-00A0C91BC942}") = "jpeg", "thirdparty\jpeg\jpeg_vs2010.vcxproj", "{B66D88D0-B44F-4B96-AF3C-8F14EFA835D6}"
EndProject
Project("{8BC9CEB8-8B4A-11D0-8D11-00A0C91BC942}") = "tinyxml", "thirdparty\tinyxml\tinyxml_vs2010.vcxproj", "{CCC76489-E12C-4744-B31F-0BACD6F0A1B2}"
EndProject
Project("{8BC9CEB8-8B4A-11D0-8D11-00A0C91BC942}") = "ConsoleDemo", "demos\ConsoleDemo\ConsoleDemo_vs2010.vcxproj", "{26D45404-F202-438D-80D5-E1B57B7A22E1}"
	ProjectSection(ProjectDependencies) = postProject
		{9BE99719-AA32-4463-A011-B61D55F020D6} = {9BE99719-AA32-4463-A011-B61D55F020D6}
		{939312D6-690A-4103-92C5-4D89025BF10A} = {939312D6-690A-4103-92C5-4D89025BF10A}
	EndProjectSection
EndProject
Project("{8BC9CEB8-8B4A-11D0-8D11-00A0C91BC942}") = "WTLDemo", "demos\WTLDemo\WTLDemo_vs2010.vcxproj", "{97B22865-FFCE-4BD0-ABE5-3BE707B59B88}"
	ProjectSection(ProjectDependencies) = postProject
		{9BE99719-AA32-4463-A011-B61D55F020D6} = {9BE99719-AA32-4463-A011-B61D55F020D6}
		{939312D6-690A-4103-92C5-4D89025BF10A} = {939312D6-690A-4103-92C5-4D89025BF10A}
	EndProjectSection
EndProject
Project("{8BC9CEB8-8B4A-11D0-8D11-00A0C91BC942}") = "MFCDemo", "demos\MFCDemo\MFCDemo_vs2010.vcxproj", "{23D2BAFD-F621-4359-84D0-3CB68D69C6C0}"
	ProjectSection(ProjectDependencies) = postProject
		{9BE99719-AA32-4463-A011-B61D55F020D6} = {9BE99719-AA32-4463-A011-B61D55F020D6}
		{939312D6-690A-4103-92C5-4D89025BF10A} = {939312D6-690A-4103-92C5-4D89025BF10A}
	EndProjectSection
EndProject
Project("{8BC9CEB8-8B4A-11D0-8D11-00A0C91BC942}") = "libogg", "thirdparty\libogg\win32\VS2010\libogg_vs2010.vcxproj", "{15CBFEFF-7965-41F5-B4E2-21E8795C9159}"
EndProject
Project("{8BC9CEB8-8B4A-11D0-8D11-00A0C91BC942}") = "libtheora", "thirdparty\libtheora\win32\VS2010\libtheora\libtheora_vs2010.vcxproj", "{653F3841-3F26-49B9-AFCF-091DB4B67031}"
EndProject
Global
	GlobalSection(SolutionConfigurationPlatforms) = preSolution
		Debug|Win32 = Debug|Win32
		Debug|x64 = Debug|x64
		Release LIB|Win32 = Release LIB|Win32
		Release LIB|x64 = Release LIB|x64
		Release|Win32 = Release|Win32
		Release|x64 = Release|x64
	EndGlobalSection
	GlobalSection(ProjectConfigurationPlatforms) = postSolution
		{C6941433-40EA-4307-A0A2-39BFB844367E}.Debug|Win32.ActiveCfg = Debug|Win32
		{C6941433-40EA-4307-A0A2-39BFB844367E}.Debug|Win32.Build.0 = Debug|Win32
		{C6941433-40EA-4307-A0A2-39BFB844367E}.Debug|x64.ActiveCfg = Debug|x64
		{C6941433-40EA-4307-A0A2-39BFB844367E}.Debug|x64.Build.0 = Debug|x64
		{C6941433-40EA-4307-A0A2-39BFB844367E}.Release LIB|Win32.ActiveCfg = Release LIB|Win32
		{C6941433-40EA-4307-A0A2-39BFB844367E}.Release LIB|Win32.Build.0 = Release LIB|Win32
		{C6941433-40EA-4307-A0A2-39BFB844367E}.Release LIB|x64.ActiveCfg = Release LIB|x64
		{C6941433-40EA-4307-A0A2-39BFB844367E}.Release LIB|x64.Build.0 = Release LIB|x64
		{C6941433-40EA-4307-A0A2-39BFB844367E}.Release|Win32.ActiveCfg = Release|Win32
		{C6941433-40EA-4307-A0A2-39BFB844367E}.Release|Win32.Build.0 = Release|Win32
		{C6941433-40EA-4307-A0A2-39BFB844367E}.Release|x64.ActiveCfg = Release|x64
		{C6941433-40EA-4307-A0A2-39BFB844367E}.Release|x64.Build.0 = Release|x64
		{9BE99719-AA32-4463-A011-B61D55F020D6}.Debug|Win32.ActiveCfg = Debug|Win32
		{9BE99719-AA32-4463-A011-B61D55F020D6}.Debug|Win32.Build.0 = Debug|Win32
		{9BE99719-AA32-4463-A011-B61D55F020D6}.Debug|x64.ActiveCfg = Debug|x64
		{9BE99719-AA32-4463-A011-B61D55F020D6}.Debug|x64.Build.0 = Debug|x64
		{9BE99719-AA32-4463-A011-B61D55F020D6}.Release LIB|Win32.ActiveCfg = Release LIB|Win32
		{9BE99719-AA32-4463-A011-B61D55F020D6}.Release LIB|Win32.Build.0 = Release LIB|Win32
		{9BE99719-AA32-4463-A011-B61D55F020D6}.Release LIB|x64.ActiveCfg = Release LIB|x64
		{9BE99719-AA32-4463-A011-B61D55F020D6}.Release LIB|x64.Build.0 = Release LIB|x64
		{9BE99719-AA32-4463-A011-B61D55F020D6}.Release|Win32.ActiveCfg = Release|Win32
		{9BE99719-AA32-4463-A011-B61D55F020D6}.Release|Win32.Build.0 = Release|Win32
		{9BE99719-AA32-4463-A011-B61D55F020D6}.Release|x64.ActiveCfg = Release|x64
		{9BE99719-AA32-4463-A011-B61D55F020D6}.Release|x64.Build.0 = Release|x64
		{939312D6-690A-4103-92C5-4D89025BF10A}.Debug|Win32.ActiveCfg = Debug|Win32
		{939312D6-690A-4103-92C5-4D89025BF10A}.Debug|Win32.Build.0 = Debug|Win32
		{939312D6-690A-4103-92C5-4D89025BF10A}.Debug|x64.ActiveCfg = Debug|x64
		{939312D6-690A-4103-92C5-4D89025BF10A}.Debug|x64.Build.0 = Debug|x64
		{939312D6-690A-4103-92C5-4D89025BF10A}.Release LIB|Win32.ActiveCfg = Release LIB|Win32
		{939312D6-690A-4103-92C5-4D89025BF10A}.Release LIB|Win32.Build.0 = Release LIB|Win32
		{939312D6-690A-4103-92C5-4D89025BF10A}.Release LIB|x64.ActiveCfg = Release LIB|x64
		{939312D6-690A-4103-92C5-4D89025BF10A}.Release LIB|x64.Build.0 = Release LIB|x64
		{939312D6-690A-4103-92C5-4D89025BF10A}.Release|Win32.ActiveCfg = Release|Win32
		{939312D6-690A-4103-92C5-4D89025BF10A}.Release|Win32.Build.0 = Release|Win32
		{939312D6-690A-4103-92C5-4D89025BF10A}.Release|x64.ActiveCfg = Release|x64
		{939312D6-690A-4103-92C5-4D89025BF10A}.Release|x64.Build.0 = Release|x64
		{42B7465D-C7ED-42D3-9DE6-D966721A6F86}.Debug|Win32.ActiveCfg = Debug|Win32
		{42B7465D-C7ED-42D3-9DE6-D966721A6F86}.Debug|Win32.Build.0 = Debug|Win32
		{42B7465D-C7ED-42D3-9DE6-D966721A6F86}.Debug|x64.ActiveCfg = Debug|x64
		{42B7465D-C7ED-42D3-9DE6-D966721A6F86}.Debug|x64.Build.0 = Debug|x64
		{42B7465D-C7ED-42D3-9DE6-D966721A6F86}.Release LIB|Win32.ActiveCfg = Release LIB|Win32
		{42B7465D-C7ED-42D3-9DE6-D966721A6F86}.Release LIB|Win32.Build.0 = Release LIB|Win32
		{42B7465D-C7ED-42D3-9DE6-D966721A6F86}.Release LIB|x64.ActiveCfg = Release LIB|x64
		{42B7465D-C7ED-42D3-9DE6-D966721A6F86}.Release LIB|x64.Build.0 = Release LIB|x64
		{42B7465D-C7ED-42D3-9DE6-D966721A6F86}.Release|Win32.ActiveCfg = Release|Win32
		{42B7465D-C7ED-42D3-9DE6-D966721A6F86}.Release|Win32.Build.0 = Release|Win32
		{42B7465D-C7ED-42D3-9DE6-D966721A6F86}.Release|x64.ActiveCfg = Release|x64
		{42B7465D-C7ED-42D3-9DE6-D966721A6F86}.Release|x64.Build.0 = Release|x64
		{485ADA7C-BF7C-4EDC-AA56-212BF0160351}.Debug|Win32.ActiveCfg = Debug|Win32
		{485ADA7C-BF7C-4EDC-AA56-212BF0160351}.Debug|Win32.Build.0 = Debug|Win32
		{485ADA7C-BF7C-4EDC-AA56-212BF0160351}.Debug|x64.ActiveCfg = Debug|x64
		{485ADA7C-BF7C-4EDC-AA56-212BF0160351}.Debug|x64.Build.0 = Debug|x64
		{485ADA7C-BF7C-4EDC-AA56-212BF0160351}.Release LIB|Win32.ActiveCfg = Release LIB|Win32
		{485ADA7C-BF7C-4EDC-AA56-212BF0160351}.Release LIB|Win32.Build.0 = Release LIB|Win32
		{485ADA7C-BF7C-4EDC-AA56-212BF0160351}.Release LIB|x64.ActiveCfg = Release LIB|x64
		{485ADA7C-BF7C-4EDC-AA56-212BF0160351}.Release LIB|x64.Build.0 = Release LIB|x64
		{485ADA7C-BF7C-4EDC-AA56-212BF0160351}.Release|Win32.ActiveCfg = Release|Win32
		{485ADA7C-BF7C-4EDC-AA56-212BF0160351}.Release|Win32.Build.0 = Release|Win32
		{485ADA7C-BF7C-4EDC-AA56-212BF0160351}.Release|x64.ActiveCfg = Release|x64
		{485ADA7C-BF7C-4EDC-AA56-212BF0160351}.Release|x64.Build.0 = Release|x64
		{71DADA6A-5801-4188-8793-A4A48BAC164B}.Debug|Win32.ActiveCfg = Debug|Win32
		{71DADA6A-5801-4188-8793-A4A48BAC164B}.Debug|Win32.Build.0 = Debug|Win32
		{71DADA6A-5801-4188-8793-A4A48BAC164B}.Debug|x64.ActiveCfg = Debug|x64
		{71DADA6A-5801-4188-8793-A4A48BAC164B}.Debug|x64.Build.0 = Debug|x64
		{71DADA6A-5801-4188-8793-A4A48BAC164B}.Release LIB|Win32.ActiveCfg = Release LIB|Win32
		{71DADA6A-5801-4188-8793-A4A48BAC164B}.Release LIB|Win32.Build.0 = Release LIB|Win32
		{71DADA6A-5801-4188-8793-A4A48BAC164B}.Release LIB|x64.ActiveCfg = Release LIB|x64
		{71DADA6A-5801-4188-8793-A4A48BAC164B}.Release LIB|x64.Build.0 = Release LIB|x64
		{71DADA6A-5801-4188-8793-A4A48BAC164B}.Release|Win32.ActiveCfg = Release|Win32
		{71DADA6A-5801-4188-8793-A4A48BAC164B}.Release|Win32.Build.0 = Release|Win32
		{71DADA6A-5801-4188-8793-A4A48BAC164B}.Release|x64.ActiveCfg = Release|x64
		{71DADA6A-5801-4188-8793-A4A48BAC164B}.Release|x64.Build.0 = Release|x64
		{C610F50E-1013-46F0-AE20-4E918654B40F}.Debug|Win32.ActiveCfg = Debug|Win32
		{C610F50E-1013-46F0-AE20-4E918654B40F}.Debug|Win32.Build.0 = Debug|Win32
		{C610F50E-1013-46F0-AE20-4E918654B40F}.Debug|x64.ActiveCfg = Debug|x64
		{C610F50E-1013-46F0-AE20-4E918654B40F}.Debug|x64.Build.0 = Debug|x64
		{C610F50E-1013-46F0-AE20-4E918654B40F}.Release LIB|Win32.ActiveCfg = Release LIB|Win32
		{C610F50E-1013-46F0-AE20-4E918654B40F}.Release LIB|Win32.Build.0 = Release LIB|Win32
		{C610F50E-1013-46F0-AE20-4E918654B40F}.Release LIB|x64.ActiveCfg = Release LIB|x64
		{C610F50E-1013-46F0-AE20-4E918654B40F}.Release LIB|x64.Build.0 = Release LIB|x64
		{C610F50E-1013-46F0-AE20-4E918654B40F}.Release|Win32.ActiveCfg = Release|Win32
		{C610F50E-1013-46F0-AE20-4E918654B40F}.Release|Win32.Build.0 = Release|Win32
		{C610F50E-1013-46F0-AE20-4E918654B40F}.Release|x64.ActiveCfg = Release|x64
		{C610F50E-1013-46F0-AE20-4E918654B40F}.Release|x64.Build.0 = Release|x64
		{00929DA3-31A1-4853-ABCE-145385A4AC63}.Debug|Win32.ActiveCfg = Debug|Win32
		{00929DA3-31A1-4853-ABCE-145385A4AC63}.Debug|Win32.Build.0 = Debug|Win32
		{00929DA3-31A1-4853-ABCE-145385A4AC63}.Debug|x64.ActiveCfg = Debug|x64
		{00929DA3-31A1-4853-ABCE-145385A4AC63}.Debug|x64.Build.0 = Debug|x64
		{00929DA3-31A1-4853-ABCE-145385A4AC63}.Release LIB|Win32.ActiveCfg = Release LIB|Win32
		{00929DA3-31A1-4853-ABCE-145385A4AC63}.Release LIB|Win32.Build.0 = Release LIB|Win32
		{00929DA3-31A1-4853-ABCE-145385A4AC63}.Release LIB|x64.ActiveCfg = Release LIB|x64
		{00929DA3-31A1-4853-ABCE-145385A4AC63}.Release LIB|x64.Build.0 = Release LIB|x64
		{00929DA3-31A1-4853-ABCE-145385A4AC63}.Release|Win32.ActiveCfg = Release|Win32
		{00929DA3-31A1-4853-ABCE-145385A4AC63}.Release|Win32.Build.0 = Release|Win32
		{00929DA3-31A1-4853-ABCE-145385A4AC63}.Release|x64.ActiveCfg = Release|x64
		{00929DA3-31A1-4853-ABCE-145385A4AC63}.Release|x64.Build.0 = Release|x64
		{B66D88D0-B44F-4B96-AF3C-8F14EFA835D6}.Debug|Win32.ActiveCfg = Debug|Win32
		{B66D88D0-B44F-4B96-AF3C-8F14EFA835D6}.Debug|Win32.Build.0 = Debug|Win32
		{B66D88D0-B44F-4B96-AF3C-8F14EFA835D6}.Debug|x64.ActiveCfg = Debug|x64
		{B66D88D0-B44F-4B96-AF3C-8F14EFA835D6}.Debug|x64.Build.0 = Debug|x64
		{B66D88D0-B44F-4B96-AF3C-8F14EFA835D6}.Release LIB|Win32.ActiveCfg = Release LIB|Win32
		{B66D88D0-B44F-4B96-AF3C-8F14EFA835D6}.Release LIB|Win32.Build.0 = Release LIB|Win32
		{B66D88D0-B44F-4B96-AF3C-8F14EFA835D6}.Release LIB|x64.ActiveCfg = Release LIB|x64
		{B66D88D0-B44F-4B96-AF3C-8F14EFA835D6}.Release LIB|x64.Build.0 = Release LIB|x64
		{B66D88D0-B44F-4B96-AF3C-8F14EFA835D6}.Release|Win32.ActiveCfg = Release|Win32
		{B66D88D0-B44F-4B96-AF3C-8F14EFA835D6}.Release|Win32.Build.0 = Release|Win32
		{B66D88D0-B44F-4B96-AF3C-8F14EFA835D6}.Release|x64.ActiveCfg = Release|x64
		{B66D88D0-B44F-4B96-AF3C-8F14EFA835D6}.Release|x64.Build.0 = Release|x64
		{CCC76489-E12C-4744-B31F-0BACD6F0A1B2}.Debug|Win32.ActiveCfg = Debug|Win32
		{CCC76489-E12C-4744-B31F-0BACD6F0A1B2}.Debug|Win32.Build.0 = Debug|Win32
		{CCC76489-E12C-4744-B31F-0BACD6F0A1B2}.Debug|x64.ActiveCfg = Debug|x64
		{CCC76489-E12C-4744-B31F-0BACD6F0A1B2}.Debug|x64.Build.0 = Debug|x64
		{CCC76489-E12C-4744-B31F-0BACD6F0A1B2}.Release LIB|Win32.ActiveCfg = Release LIB|Win32
		{CCC76489-E12C-4744-B31F-0BACD6F0A1B2}.Release LIB|Win32.Build.0 = Release LIB|Win32
		{CCC76489-E12C-4744-B31F-0BACD6F0A1B2}.Release LIB|x64.ActiveCfg = Release LIB|x64
		{CCC76489-E12C-4744-B31F-0BACD6F0A1B2}.Release LIB|x64.Build.0 = Release LIB|x64
		{CCC76489-E12C-4744-B31F-0BACD6F0A1B2}.Release|Win32.ActiveCfg = Release|Win32
		{CCC76489-E12C-4744-B31F-0BACD6F0A1B2}.Release|Win32.Build.0 = Release|Win32
		{CCC76489-E12C-4744-B31F-0BACD6F0A1B2}.Release|x64.ActiveCfg = Release|x64
		{CCC76489-E12C-4744-B31F-0BACD6F0A1B2}.Release|x64.Build.0 = Release|x64
		{26D45404-F202-438D-80D5-E1B57B7A22E1}.Debug|Win32.ActiveCfg = Debug|Win32
		{26D45404-F202-438D-80D5-E1B57B7A22E1}.Debug|Win32.Build.0 = Debug|Win32
		{26D45404-F202-438D-80D5-E1B57B7A22E1}.Debug|x64.ActiveCfg = Debug|x64
		{26D45404-F202-438D-80D5-E1B57B7A22E1}.Debug|x64.Build.0 = Debug|x64
		{26D45404-F202-438D-80D5-E1B57B7A22E1}.Release LIB|Win32.ActiveCfg = Release LIB|Win32
		{26D45404-F202-438D-80D5-E1B57B7A22E1}.Release LIB|Win32.Build.0 = Release LIB|Win32
		{26D45404-F202-438D-80D5-E1B57B7A22E1}.Release LIB|x64.ActiveCfg = Release LIB|x64
		{26D45404-F202-438D-80D5-E1B57B7A22E1}.Release LIB|x64.Build.0 = Release LIB|x64
		{26D45404-F202-438D-80D5-E1B57B7A22E1}.Release|Win32.ActiveCfg = Release|Win32
		{26D45404-F202-438D-80D5-E1B57B7A22E1}.Release|Win32.Build.0 = Release|Win32
		{26D45404-F202-438D-80D5-E1B57B7A22E1}.Release|x64.ActiveCfg = Release|x64
		{26D45404-F202-438D-80D5-E1B57B7A22E1}.Release|x64.Build.0 = Release|x64
		{97B22865-FFCE-4BD0-ABE5-3BE707B59B88}.Debug|Win32.ActiveCfg = Debug|Win32
		{97B22865-FFCE-4BD0-ABE5-3BE707B59B88}.Debug|Win32.Build.0 = Debug|Win32
		{97B22865-FFCE-4BD0-ABE5-3BE707B59B88}.Debug|x64.ActiveCfg = Debug|x64
		{97B22865-FFCE-4BD0-ABE5-3BE707B59B88}.Debug|x64.Build.0 = Debug|x64
		{97B22865-FFCE-4BD0-ABE5-3BE707B59B88}.Release LIB|Win32.ActiveCfg = Release LIB|Win32
		{97B22865-FFCE-4BD0-ABE5-3BE707B59B88}.Release LIB|Win32.Build.0 = Release LIB|Win32
		{97B22865-FFCE-4BD0-ABE5-3BE707B59B88}.Release LIB|x64.ActiveCfg = Release LIB|x64
		{97B22865-FFCE-4BD0-ABE5-3BE707B59B88}.Release LIB|x64.Build.0 = Release LIB|x64
		{97B22865-FFCE-4BD0-ABE5-3BE707B59B88}.Release|Win32.ActiveCfg = Release|Win32
		{97B22865-FFCE-4BD0-ABE5-3BE707B59B88}.Release|Win32.Build.0 = Release|Win32
		{97B22865-FFCE-4BD0-ABE5-3BE707B59B88}.Release|x64.ActiveCfg = Release|x64
		{97B22865-FFCE-4BD0-ABE5-3BE707B59B88}.Release|x64.Build.0 = Release|x64
		{23D2BAFD-F621-4359-84D0-3CB68D69C6C0}.Debug|Win32.ActiveCfg = Debug|Win32
		{23D2BAFD-F621-4359-84D0-3CB68D69C6C0}.Debug|Win32.Build.0 = Debug|Win32
		{23D2BAFD-F621-4359-84D0-3CB68D69C6C0}.Debug|x64.ActiveCfg = Debug|x64
		{23D2BAFD-F621-4359-84D0-3CB68D69C6C0}.Debug|x64.Build.0 = Debug|x64
		{23D2BAFD-F621-4359-84D0-3CB68D69C6C0}.Release LIB|Win32.ActiveCfg = Release LIB|Win32
		{23D2BAFD-F621-4359-84D0-3CB68D69C6C0}.Release LIB|Win32.Build.0 = Release LIB|Win32
		{23D2BAFD-F621-4359-84D0-3CB68D69C6C0}.Release LIB|x64.ActiveCfg = Release LIB|x64
		{23D2BAFD-F621-4359-84D0-3CB68D69C6C0}.Release LIB|x64.Build.0 = Release LIB|x64
		{23D2BAFD-F621-4359-84D0-3CB68D69C6C0}.Release|Win32.ActiveCfg = Release|Win32
		{23D2BAFD-F621-4359-84D0-3CB68D69C6C0}.Release|Win32.Build.0 = Release|Win32
		{23D2BAFD-F621-4359-84D0-3CB68D69C6C0}.Release|x64.ActiveCfg = Release|x64
		{23D2BAFD-F621-4359-84D0-3CB68D69C6C0}.Release|x64.Build.0 = Release|x64
		{15CBFEFF-7965-41F5-B4E2-21E8795C9159}.Debug|Win32.ActiveCfg = Debug|Win32
		{15CBFEFF-7965-41F5-B4E2-21E8795C9159}.Debug|Win32.Build.0 = Debug|Win32
		{15CBFEFF-7965-41F5-B4E2-21E8795C9159}.Debug|x64.ActiveCfg = Debug|x64
		{15CBFEFF-7965-41F5-B4E2-21E8795C9159}.Debug|x64.Build.0 = Debug|x64
		{15CBFEFF-7965-41F5-B4E2-21E8795C9159}.Release LIB|Win32.ActiveCfg = Release LIB|Win32
		{15CBFEFF-7965-41F5-B4E2-21E8795C9159}.Release LIB|Win32.Build.0 = Release LIB|Win32
		{15CBFEFF-7965-41F5-B4E2-21E8795C9159}.Release LIB|x64.ActiveCfg = Release LIB|x64
		{15CBFEFF-7965-41F5-B4E2-21E8795C9159}.Release LIB|x64.Build.0 = Release LIB|x64
		{15CBFEFF-7965-41F5-B4E2-21E8795C9159}.Release|Win32.ActiveCfg = Release|Win32
		{15CBFEFF-7965-41F5-B4E2-21E8795C9159}.Release|Win32.Build.0 = Release|Win32
		{15CBFEFF-7965-41F5-B4E2-21E8795C9159}.Release|x64.ActiveCfg = Release|x64
		{15CBFEFF-7965-41F5-B4E2-21E8795C9159}.Release|x64.Build.0 = Release|x64
		{653F3841-3F26-49B9-AFCF-091DB4B67031}.Debug|Win32.ActiveCfg = Debug|Win32
		{653F3841-3F26-49B9-AFCF-091DB4B67031}.Debug|Win32.Build.0 = Debug|Win32
		{653F3841-3F26-49B9-AFCF-091DB4B67031}.Debug|x64.ActiveCfg = Debug|x64
		{653F3841-3F26-49B9-AFCF-091DB4B67031}.Debug|x64.Build.0 = Debug|x64
		{653F3841-3F26-49B9-AFCF-091DB4B67031}.Release LIB|Win32.ActiveCfg = Release LIB|Win32
		{653F3841-3F26-49B9-AFCF-091DB4B67031}.Release LIB|Win32.Build.0 = Release LIB|Win32
		{653F3841-3F26-49B9-AFCF-091DB4B67031}.Release LIB|x64.ActiveCfg = Release LIB|x64
		{653F3841-3F26-49B9-AFCF-091DB4B67031}.Release LIB|x64.Build.0 = Release LIB|x64
		{653F3841-3F26-49B9-AFCF-091DB4B67031}.Release|Win32.ActiveCfg = Release|Win32
		{653F3841-3F26-49B9-AFCF-091DB4B67031}.Release|Win32.Build.0 = Release|Win32
		{653F3841-3F26-49B9-AFCF-091DB4B67031}.Release|x64.ActiveCfg = Release|x64
		{653F3841-3F26-49B9-AFCF-091DB4B67031}.Release|x64.Build.0 = Release|x64
	EndGlobalSection
	GlobalSection(SolutionProperties) = preSolution
		HideSolutionNode = FALSE
	EndGlobalSection
EndGlobal
